
Microsoft Visual Studio Solution File, Format Version 12.00
# Visual Studio 2013
VisualStudioVersion = 12.0.21005.1
MinimumVisualStudioVersion = 10.0.40219.1
Project("{8BC9CEB8-8B4A-11D0-8D11-00A0C91BC942}") = "TestTask", "TestTask\TestTask.vcxproj", "{DAC0C6A4-74B5-466B-AD5C-32375724D22C}"
EndProject
Global
	GlobalSection(SolutionConfigurationPlatforms) = preSolution
		Debug|Win32 = Debug|Win32
		Release|Win32 = Release|Win32
	EndGlobalSection
	GlobalSection(ProjectConfigurationPlatforms) = postSolution
		{DAC0C6A4-74B5-466B-AD5C-32375724D22C}.Debug|Win32.ActiveCfg = Debug|Win32
		{DAC0C6A4-74B5-466B-AD5C-32375724D22C}.Debug|Win32.Build.0 = Debug|Win32
		{DAC0C6A4-74B5-466B-AD5C-32375724D22C}.Release|Win32.ActiveCfg = Release|Win32
		{DAC0C6A4-74B5-466B-AD5C-32375724D22C}.Release|Win32.Build.0 = Release|Win32
	EndGlobalSection
	GlobalSection(SolutionProperties) = preSolution
		HideSolutionNode = FALSE
	EndGlobalSection
EndGlobal
